// !$*UTF8*$!
{
	archiveVersion = 1;
	classes = {
	};
	objectVersion = 50;
	objects = {

/* Begin PBXBuildFile section */
		CAA692FC2426533100BDF3C2 /* AppDelegate.swift in Sources */ = {isa = PBXBuildFile; fileRef = CAA692FB2426533100BDF3C2 /* AppDelegate.swift */; };
		CAA692FE2426533100BDF3C2 /* SceneDelegate.swift in Sources */ = {isa = PBXBuildFile; fileRef = CAA692FD2426533100BDF3C2 /* SceneDelegate.swift */; };
		CAA693002426533100BDF3C2 /* ViewController.swift in Sources */ = {isa = PBXBuildFile; fileRef = CAA692FF2426533100BDF3C2 /* ViewController.swift */; };
		CAA693032426533100BDF3C2 /* Main.storyboard in Resources */ = {isa = PBXBuildFile; fileRef = CAA693012426533100BDF3C2 /* Main.storyboard */; };
		CAA693062426533100BDF3C2 /* Stories.xcdatamodeld in Sources */ = {isa = PBXBuildFile; fileRef = CAA693042426533100BDF3C2 /* Stories.xcdatamodeld */; };
		CAA693082426533300BDF3C2 /* Assets.xcassets in Resources */ = {isa = PBXBuildFile; fileRef = CAA693072426533300BDF3C2 /* Assets.xcassets */; };
		CAA6930B2426533300BDF3C2 /* LaunchScreen.storyboard in Resources */ = {isa = PBXBuildFile; fileRef = CAA693092426533300BDF3C2 /* LaunchScreen.storyboard */; };
		CAA693162426533400BDF3C2 /* StoriesTests.swift in Sources */ = {isa = PBXBuildFile; fileRef = CAA693152426533400BDF3C2 /* StoriesTests.swift */; };
		CAA693212426533400BDF3C2 /* StoriesUITests.swift in Sources */ = {isa = PBXBuildFile; fileRef = CAA693202426533400BDF3C2 /* StoriesUITests.swift */; };
		CAA693392426755100BDF3C2 /* FullStori.swift in Sources */ = {isa = PBXBuildFile; fileRef = CAA693382426755100BDF3C2 /* FullStori.swift */; };
		CAA6933B2426758D00BDF3C2 /* CustomCell.swift in Sources */ = {isa = PBXBuildFile; fileRef = CAA6933A2426758D00BDF3C2 /* CustomCell.swift */; };
/* End PBXBuildFile section */

/* Begin PBXContainerItemProxy section */
		CAA693122426533400BDF3C2 /* PBXContainerItemProxy */ = {
			isa = PBXContainerItemProxy;
			containerPortal = CAA692F02426533100BDF3C2 /* Project object */;
			proxyType = 1;
			remoteGlobalIDString = CAA692F72426533100BDF3C2;
			remoteInfo = Stories;
		};
		CAA6931D2426533400BDF3C2 /* PBXContainerItemProxy */ = {
			isa = PBXContainerItemProxy;
			containerPortal = CAA692F02426533100BDF3C2 /* Project object */;
			proxyType = 1;
			remoteGlobalIDString = CAA692F72426533100BDF3C2;
			remoteInfo = Stories;
		};
/* End PBXContainerItemProxy section */

/* Begin PBXFileReference section */
		CAA692F82426533100BDF3C2 /* Stories.app */ = {isa = PBXFileReference; explicitFileType = wrapper.application; includeInIndex = 0; path = Stories.app; sourceTree = BUILT_PRODUCTS_DIR; };
		CAA692FB2426533100BDF3C2 /* AppDelegate.swift */ = {isa = PBXFileReference; lastKnownFileType = sourcecode.swift; path = AppDelegate.swift; sourceTree = "<group>"; };
		CAA692FD2426533100BDF3C2 /* SceneDelegate.swift */ = {isa = PBXFileReference; lastKnownFileType = sourcecode.swift; path = SceneDelegate.swift; sourceTree = "<group>"; };
		CAA692FF2426533100BDF3C2 /* ViewController.swift */ = {isa = PBXFileReference; lastKnownFileType = sourcecode.swift; path = ViewController.swift; sourceTree = "<group>"; };
		CAA693022426533100BDF3C2 /* Base */ = {isa = PBXFileReference; lastKnownFileType = file.storyboard; name = Base; path = Base.lproj/Main.storyboard; sourceTree = "<group>"; };
		CAA693052426533100BDF3C2 /* Stories.xcdatamodel */ = {isa = PBXFileReference; lastKnownFileType = wrapper.xcdatamodel; path = Stories.xcdatamodel; sourceTree = "<group>"; };
		CAA693072426533300BDF3C2 /* Assets.xcassets */ = {isa = PBXFileReference; lastKnownFileType = folder.assetcatalog; path = Assets.xcassets; sourceTree = "<group>"; };
		CAA6930A2426533300BDF3C2 /* Base */ = {isa = PBXFileReference; lastKnownFileType = file.storyboard; name = Base; path = Base.lproj/LaunchScreen.storyboard; sourceTree = "<group>"; };
		CAA6930C2426533300BDF3C2 /* Info.plist */ = {isa = PBXFileReference; lastKnownFileType = text.plist.xml; path = Info.plist; sourceTree = "<group>"; };
		CAA693112426533400BDF3C2 /* StoriesTests.xctest */ = {isa = PBXFileReference; explicitFileType = wrapper.cfbundle; includeInIndex = 0; path = StoriesTests.xctest; sourceTree = BUILT_PRODUCTS_DIR; };
		CAA693152426533400BDF3C2 /* StoriesTests.swift */ = {isa = PBXFileReference; lastKnownFileType = sourcecode.swift; path = StoriesTests.swift; sourceTree = "<group>"; };
		CAA693172426533400BDF3C2 /* Info.plist */ = {isa = PBXFileReference; lastKnownFileType = text.plist.xml; path = Info.plist; sourceTree = "<group>"; };
		CAA6931C2426533400BDF3C2 /* StoriesUITests.xctest */ = {isa = PBXFileReference; explicitFileType = wrapper.cfbundle; includeInIndex = 0; path = StoriesUITests.xctest; sourceTree = BUILT_PRODUCTS_DIR; };
		CAA693202426533400BDF3C2 /* StoriesUITests.swift */ = {isa = PBXFileReference; lastKnownFileType = sourcecode.swift; path = StoriesUITests.swift; sourceTree = "<group>"; };
		CAA693222426533400BDF3C2 /* Info.plist */ = {isa = PBXFileReference; lastKnownFileType = text.plist.xml; path = Info.plist; sourceTree = "<group>"; };
		CAA693382426755100BDF3C2 /* FullStori.swift */ = {isa = PBXFileReference; lastKnownFileType = sourcecode.swift; path = FullStori.swift; sourceTree = "<group>"; };
		CAA6933A2426758D00BDF3C2 /* CustomCell.swift */ = {isa = PBXFileReference; lastKnownFileType = sourcecode.swift; path = CustomCell.swift; sourceTree = "<group>"; };
/* End PBXFileReference section */

/* Begin PBXFrameworksBuildPhase section */
		CAA692F52426533100BDF3C2 /* Frameworks */ = {
			isa = PBXFrameworksBuildPhase;
			buildActionMask = 2147483647;
			files = (
			);
			runOnlyForDeploymentPostprocessing = 0;
		};
		CAA6930E2426533400BDF3C2 /* Frameworks */ = {
			isa = PBXFrameworksBuildPhase;
			buildActionMask = 2147483647;
			files = (
			);
			runOnlyForDeploymentPostprocessing = 0;
		};
		CAA693192426533400BDF3C2 /* Frameworks */ = {
			isa = PBXFrameworksBuildPhase;
			buildActionMask = 2147483647;
			files = (
			);
			runOnlyForDeploymentPostprocessing = 0;
		};
/* End PBXFrameworksBuildPhase section */

/* Begin PBXGroup section */
		CAA692EF2426533100BDF3C2 = {
			isa = PBXGroup;
			children = (
				CAA692FA2426533100BDF3C2 /* Stories */,
				CAA693142426533400BDF3C2 /* StoriesTests */,
				CAA6931F2426533400BDF3C2 /* StoriesUITests */,
				CAA692F92426533100BDF3C2 /* Products */,
			);
			sourceTree = "<group>";
		};
		CAA692F92426533100BDF3C2 /* Products */ = {
			isa = PBXGroup;
			children = (
				CAA692F82426533100BDF3C2 /* Stories.app */,
				CAA693112426533400BDF3C2 /* StoriesTests.xctest */,
				CAA6931C2426533400BDF3C2 /* StoriesUITests.xctest */,
			);
			name = Products;
			sourceTree = "<group>";
		};
		CAA692FA2426533100BDF3C2 /* Stories */ = {
			isa = PBXGroup;
			children = (
				CAA692FB2426533100BDF3C2 /* AppDelegate.swift */,
				CAA692FD2426533100BDF3C2 /* SceneDelegate.swift */,
				CAA692FF2426533100BDF3C2 /* ViewController.swift */,
				CAA693012426533100BDF3C2 /* Main.storyboard */,
				CAA693072426533300BDF3C2 /* Assets.xcassets */,
				CAA693092426533300BDF3C2 /* LaunchScreen.storyboard */,
				CAA6930C2426533300BDF3C2 /* Info.plist */,
				CAA693042426533100BDF3C2 /* Stories.xcdatamodeld */,
				CAA693382426755100BDF3C2 /* FullStori.swift */,
				CAA6933A2426758D00BDF3C2 /* CustomCell.swift */,
			);
			path = Stories;
			sourceTree = "<group>";
		};
		CAA693142426533400BDF3C2 /* StoriesTests */ = {
			isa = PBXGroup;
			children = (
				CAA693152426533400BDF3C2 /* StoriesTests.swift */,
				CAA693172426533400BDF3C2 /* Info.plist */,
			);
			path = StoriesTests;
			sourceTree = "<group>";
		};
		CAA6931F2426533400BDF3C2 /* StoriesUITests */ = {
			isa = PBXGroup;
			children = (
				CAA693202426533400BDF3C2 /* StoriesUITests.swift */,
				CAA693222426533400BDF3C2 /* Info.plist */,
			);
			path = StoriesUITests;
			sourceTree = "<group>";
		};
/* End PBXGroup section */

/* Begin PBXNativeTarget section */
		CAA692F72426533100BDF3C2 /* Stories */ = {
			isa = PBXNativeTarget;
			buildConfigurationList = CAA693252426533400BDF3C2 /* Build configuration list for PBXNativeTarget "Stories" */;
			buildPhases = (
				CAA692F42426533100BDF3C2 /* Sources */,
				CAA692F52426533100BDF3C2 /* Frameworks */,
				CAA692F62426533100BDF3C2 /* Resources */,
			);
			buildRules = (
			);
			dependencies = (
			);
			name = Stories;
			productName = Stories;
			productReference = CAA692F82426533100BDF3C2 /* Stories.app */;
			productType = "com.apple.product-type.application";
		};
		CAA693102426533400BDF3C2 /* StoriesTests */ = {
			isa = PBXNativeTarget;
			buildConfigurationList = CAA693282426533400BDF3C2 /* Build configuration list for PBXNativeTarget "StoriesTests" */;
			buildPhases = (
				CAA6930D2426533400BDF3C2 /* Sources */,
				CAA6930E2426533400BDF3C2 /* Frameworks */,
				CAA6930F2426533400BDF3C2 /* Resources */,
			);
			buildRules = (
			);
			dependencies = (
				CAA693132426533400BDF3C2 /* PBXTargetDependency */,
			);
			name = StoriesTests;
			productName = StoriesTests;
			productReference = CAA693112426533400BDF3C2 /* StoriesTests.xctest */;
			productType = "com.apple.product-type.bundle.unit-test";
		};
		CAA6931B2426533400BDF3C2 /* StoriesUITests */ = {
			isa = PBXNativeTarget;
			buildConfigurationList = CAA6932B2426533400BDF3C2 /* Build configuration list for PBXNativeTarget "StoriesUITests" */;
			buildPhases = (
				CAA693182426533400BDF3C2 /* Sources */,
				CAA693192426533400BDF3C2 /* Frameworks */,
				CAA6931A2426533400BDF3C2 /* Resources */,
			);
			buildRules = (
			);
			dependencies = (
				CAA6931E2426533400BDF3C2 /* PBXTargetDependency */,
			);
			name = StoriesUITests;
			productName = StoriesUITests;
			productReference = CAA6931C2426533400BDF3C2 /* StoriesUITests.xctest */;
			productType = "com.apple.product-type.bundle.ui-testing";
		};
/* End PBXNativeTarget section */

/* Begin PBXProject section */
		CAA692F02426533100BDF3C2 /* Project object */ = {
			isa = PBXProject;
			attributes = {
				LastSwiftUpdateCheck = 1130;
				LastUpgradeCheck = 1130;
				ORGANIZATIONNAME = Alexey;
				TargetAttributes = {
					CAA692F72426533100BDF3C2 = {
						CreatedOnToolsVersion = 11.3;
					};
					CAA693102426533400BDF3C2 = {
						CreatedOnToolsVersion = 11.3;
						TestTargetID = CAA692F72426533100BDF3C2;
					};
					CAA6931B2426533400BDF3C2 = {
						CreatedOnToolsVersion = 11.3;
						TestTargetID = CAA692F72426533100BDF3C2;
					};
				};
			};
			buildConfigurationList = CAA692F32426533100BDF3C2 /* Build configuration list for PBXProject "Stories" */;
			compatibilityVersion = "Xcode 9.3";
			developmentRegion = en;
			hasScannedForEncodings = 0;
			knownRegions = (
				en,
				Base,
			);
			mainGroup = CAA692EF2426533100BDF3C2;
			productRefGroup = CAA692F92426533100BDF3C2 /* Products */;
			projectDirPath = "";
			projectRoot = "";
			targets = (
				CAA692F72426533100BDF3C2 /* Stories */,
				CAA693102426533400BDF3C2 /* StoriesTests */,
				CAA6931B2426533400BDF3C2 /* StoriesUITests */,
			);
		};
/* End PBXProject section */

/* Begin PBXResourcesBuildPhase section */
		CAA692F62426533100BDF3C2 /* Resources */ = {
			isa = PBXResourcesBuildPhase;
			buildActionMask = 2147483647;
			files = (
				CAA6930B2426533300BDF3C2 /* LaunchScreen.storyboard in Resources */,
				CAA693082426533300BDF3C2 /* Assets.xcassets in Resources */,
				CAA693032426533100BDF3C2 /* Main.storyboard in Resources */,
			);
			runOnlyForDeploymentPostprocessing = 0;
		};
		CAA6930F2426533400BDF3C2 /* Resources */ = {
			isa = PBXResourcesBuildPhase;
			buildActionMask = 2147483647;
			files = (
			);
			runOnlyForDeploymentPostprocessing = 0;
		};
		CAA6931A2426533400BDF3C2 /* Resources */ = {
			isa = PBXResourcesBuildPhase;
			buildActionMask = 2147483647;
			files = (
			);
			runOnlyForDeploymentPostprocessing = 0;
		};
/* End PBXResourcesBuildPhase section */

/* Begin PBXSourcesBuildPhase section */
		CAA692F42426533100BDF3C2 /* Sources */ = {
			isa = PBXSourcesBuildPhase;
			buildActionMask = 2147483647;
			files = (
				CAA693002426533100BDF3C2 /* ViewController.swift in Sources */,
				CAA693062426533100BDF3C2 /* Stories.xcdatamodeld in Sources */,
				CAA692FC2426533100BDF3C2 /* AppDelegate.swift in Sources */,
				CAA692FE2426533100BDF3C2 /* SceneDelegate.swift in Sources */,
				CAA6933B2426758D00BDF3C2 /* CustomCell.swift in Sources */,
				CAA693392426755100BDF3C2 /* FullStori.swift in Sources */,
			);
			runOnlyForDeploymentPostprocessing = 0;
		};
		CAA6930D2426533400BDF3C2 /* Sources */ = {
			isa = PBXSourcesBuildPhase;
			buildActionMask = 2147483647;
			files = (
				CAA693162426533400BDF3C2 /* StoriesTests.swift in Sources */,
			);
			runOnlyForDeploymentPostprocessing = 0;
		};
		CAA693182426533400BDF3C2 /* Sources */ = {
			isa = PBXSourcesBuildPhase;
			buildActionMask = 2147483647;
			files = (
				CAA693212426533400BDF3C2 /* StoriesUITests.swift in Sources */,
			);
			runOnlyForDeploymentPostprocessing = 0;
		};
/* End PBXSourcesBuildPhase section */

/* Begin PBXTargetDependency section */
		CAA693132426533400BDF3C2 /* PBXTargetDependency */ = {
			isa = PBXTargetDependency;
			target = CAA692F72426533100BDF3C2 /* Stories */;
			targetProxy = CAA693122426533400BDF3C2 /* PBXContainerItemProxy */;
		};
		CAA6931E2426533400BDF3C2 /* PBXTargetDependency */ = {
			isa = PBXTargetDependency;
			target = CAA692F72426533100BDF3C2 /* Stories */;
			targetProxy = CAA6931D2426533400BDF3C2 /* PBXContainerItemProxy */;
		};
/* End PBXTargetDependency section */

/* Begin PBXVariantGroup section */
		CAA693012426533100BDF3C2 /* Main.storyboard */ = {
			isa = PBXVariantGroup;
			children = (
				CAA693022426533100BDF3C2 /* Base */,
			);
			name = Main.storyboard;
			sourceTree = "<group>";
		};
		CAA693092426533300BDF3C2 /* LaunchScreen.storyboard */ = {
			isa = PBXVariantGroup;
			children = (
				CAA6930A2426533300BDF3C2 /* Base */,
			);
			name = LaunchScreen.storyboard;
			sourceTree = "<group>";
		};
/* End PBXVariantGroup section */

/* Begin XCBuildConfiguration section */
		CAA693232426533400BDF3C2 /* Debug */ = {
			isa = XCBuildConfiguration;
			buildSettings = {
				ALWAYS_SEARCH_USER_PATHS = NO;
				CLANG_ANALYZER_NONNULL = YES;
				CLANG_ANALYZER_NUMBER_OBJECT_CONVERSION = YES_AGGRESSIVE;
				CLANG_CXX_LANGUAGE_STANDARD = "gnu++14";
				CLANG_CXX_LIBRARY = "libc++";
				CLANG_ENABLE_MODULES = YES;
				CLANG_ENABLE_OBJC_ARC = YES;
				CLANG_ENABLE_OBJC_WEAK = YES;
				CLANG_WARN_BLOCK_CAPTURE_AUTORELEASING = YES;
				CLANG_WARN_BOOL_CONVERSION = YES;
				CLANG_WARN_COMMA = YES;
				CLANG_WARN_CONSTANT_CONVERSION = YES;
				CLANG_WARN_DEPRECATED_OBJC_IMPLEMENTATIONS = YES;
				CLANG_WARN_DIRECT_OBJC_ISA_USAGE = YES_ERROR;
				CLANG_WARN_DOCUMENTATION_COMMENTS = YES;
				CLANG_WARN_EMPTY_BODY = YES;
				CLANG_WARN_ENUM_CONVERSION = YES;
				CLANG_WARN_INFINITE_RECURSION = YES;
				CLANG_WARN_INT_CONVERSION = YES;
				CLANG_WARN_NON_LITERAL_NULL_CONVERSION = YES;
				CLANG_WARN_OBJC_IMPLICIT_RETAIN_SELF = YES;
				CLANG_WARN_OBJC_LITERAL_CONVERSION = YES;
				CLANG_WARN_OBJC_ROOT_CLASS = YES_ERROR;
				CLANG_WARN_RANGE_LOOP_ANALYSIS = YES;
				CLANG_WARN_STRICT_PROTOTYPES = YES;
				CLANG_WARN_SUSPICIOUS_MOVE = YES;
				CLANG_WARN_UNGUARDED_AVAILABILITY = YES_AGGRESSIVE;
				CLANG_WARN_UNREACHABLE_CODE = YES;
				CLANG_WARN__DUPLICATE_METHOD_MATCH = YES;
				COPY_PHASE_STRIP = NO;
				DEBUG_INFORMATION_FORMAT = dwarf;
				ENABLE_STRICT_OBJC_MSGSEND = YES;
				ENABLE_TESTABILITY = YES;
				GCC_C_LANGUAGE_STANDARD = gnu11;
				GCC_DYNAMIC_NO_PIC = NO;
				GCC_NO_COMMON_BLOCKS = YES;
				GCC_OPTIMIZATION_LEVEL = 0;
				GCC_PREPROCESSOR_DEFINITIONS = (
					"DEBUG=1",
					"$(inherited)",
				);
				GCC_WARN_64_TO_32_BIT_CONVERSION = YES;
				GCC_WARN_ABOUT_RETURN_TYPE = YES_ERROR;
				GCC_WARN_UNDECLARED_SELECTOR = YES;
				GCC_WARN_UNINITIALIZED_AUTOS = YES_AGGRESSIVE;
				GCC_WARN_UNUSED_FUNCTION = YES;
				GCC_WARN_UNUSED_VARIABLE = YES;
				IPHONEOS_DEPLOYMENT_TARGET = 13.2;
				MTL_ENABLE_DEBUG_INFO = INCLUDE_SOURCE;
				MTL_FAST_MATH = YES;
				ONLY_ACTIVE_ARCH = YES;
				SDKROOT = iphoneos;
				SWIFT_ACTIVE_COMPILATION_CONDITIONS = DEBUG;
				SWIFT_OPTIMIZATION_LEVEL = "-Onone";
			};
			name = Debug;
		};
		CAA693242426533400BDF3C2 /* Release */ = {
			isa = XCBuildConfiguration;
			buildSettings = {
				ALWAYS_SEARCH_USER_PATHS = NO;
				CLANG_ANALYZER_NONNULL = YES;
				CLANG_ANALYZER_NUMBER_OBJECT_CONVERSION = YES_AGGRESSIVE;
				CLANG_CXX_LANGUAGE_STANDARD = "gnu++14";
				CLANG_CXX_LIBRARY = "libc++";
				CLANG_ENABLE_MODULES = YES;
				CLANG_ENABLE_OBJC_ARC = YES;
				CLANG_ENABLE_OBJC_WEAK = YES;
				CLANG_WARN_BLOCK_CAPTURE_AUTORELEASING = YES;
				CLANG_WARN_BOOL_CONVERSION = YES;
				CLANG_WARN_COMMA = YES;
				CLANG_WARN_CONSTANT_CONVERSION = YES;
				CLANG_WARN_DEPRECATED_OBJC_IMPLEMENTATIONS = YES;
				CLANG_WARN_DIRECT_OBJC_ISA_USAGE = YES_ERROR;
				CLANG_WARN_DOCUMENTATION_COMMENTS = YES;
				CLANG_WARN_EMPTY_BODY = YES;
				CLANG_WARN_ENUM_CONVERSION = YES;
				CLANG_WARN_INFINITE_RECURSION = YES;
				CLANG_WARN_INT_CONVERSION = YES;
				CLANG_WARN_NON_LITERAL_NULL_CONVERSION = YES;
				CLANG_WARN_OBJC_IMPLICIT_RETAIN_SELF = YES;
				CLANG_WARN_OBJC_LITERAL_CONVERSION = YES;
				CLANG_WARN_OBJC_ROOT_CLASS = YES_ERROR;
				CLANG_WARN_RANGE_LOOP_ANALYSIS = YES;
				CLANG_WARN_STRICT_PROTOTYPES = YES;
				CLANG_WARN_SUSPICIOUS_MOVE = YES;
				CLANG_WARN_UNGUARDED_AVAILABILITY = YES_AGGRESSIVE;
				CLANG_WARN_UNREACHABLE_CODE = YES;
				CLANG_WARN__DUPLICATE_METHOD_MATCH = YES;
				COPY_PHASE_STRIP = NO;
				DEBUG_INFORMATION_FORMAT = "dwarf-with-dsym";
				ENABLE_NS_ASSERTIONS = NO;
				ENABLE_STRICT_OBJC_MSGSEND = YES;
				GCC_C_LANGUAGE_STANDARD = gnu11;
				GCC_NO_COMMON_BLOCKS = YES;
				GCC_WARN_64_TO_32_BIT_CONVERSION = YES;
				GCC_WARN_ABOUT_RETURN_TYPE = YES_ERROR;
				GCC_WARN_UNDECLARED_SELECTOR = YES;
				GCC_WARN_UNINITIALIZED_AUTOS = YES_AGGRESSIVE;
				GCC_WARN_UNUSED_FUNCTION = YES;
				GCC_WARN_UNUSED_VARIABLE = YES;
				IPHONEOS_DEPLOYMENT_TARGET = 13.2;
				MTL_ENABLE_DEBUG_INFO = NO;
				MTL_FAST_MATH = YES;
				SDKROOT = iphoneos;
				SWIFT_COMPILATION_MODE = wholemodule;
				SWIFT_OPTIMIZATION_LEVEL = "-O";
				VALIDATE_PRODUCT = YES;
			};
			name = Release;
		};
		CAA693262426533400BDF3C2 /* Debug */ = {
			isa = XCBuildConfiguration;
			buildSettings = {
				ASSETCATALOG_COMPILER_APPICON_NAME = AppIcon;
				CODE_SIGN_STYLE = Automatic;
				DEVELOPMENT_TEAM = 62MNR2QKFT;
				INFOPLIST_FILE = Stories/Info.plist;
				LD_RUNPATH_SEARCH_PATHS = (
					"$(inherited)",
					"@executable_path/Frameworks",
				);
				PRODUCT_BUNDLE_IDENTIFIER = edu.Stories;
				PRODUCT_NAME = "$(TARGET_NAME)";
				SWIFT_VERSION = 5.0;
				TARGETED_DEVICE_FAMILY = "1,2";
			};
			name = Debug;
		};
		CAA693272426533400BDF3C2 /* Release */ = {
			isa = XCBuildConfiguration;
			buildSettings = {
				ASSETCATALOG_COMPILER_APPICON_NAME = AppIcon;
				CODE_SIGN_STYLE = Automatic;
				DEVELOPMENT_TEAM = 62MNR2QKFT;
				INFOPLIST_FILE = Stories/Info.plist;
				LD_RUNPATH_SEARCH_PATHS = (
					"$(inherited)",
					"@executable_path/Frameworks",
				);
				PRODUCT_BUNDLE_IDENTIFIER = edu.Stories;
				PRODUCT_NAME = "$(TARGET_NAME)";
				SWIFT_VERSION = 5.0;
				TARGETED_DEVICE_FAMILY = "1,2";
			};
			name = Release;
		};
		CAA693292426533400BDF3C2 /* Debug */ = {
			isa = XCBuildConfiguration;
			buildSettings = {
				ALWAYS_EMBED_SWIFT_STANDARD_LIBRARIES = YES;
				BUNDLE_LOADER = "$(TEST_HOST)";
				CODE_SIGN_STYLE = Automatic;
				DEVELOPMENT_TEAM = 62MNR2QKFT;
				INFOPLIST_FILE = StoriesTests/Info.plist;
				IPHONEOS_DEPLOYMENT_TARGET = 13.2;
				LD_RUNPATH_SEARCH_PATHS = (
					"$(inherited)",
					"@executable_path/Frameworks",
					"@loader_path/Frameworks",
				);
				PRODUCT_BUNDLE_IDENTIFIER = edu.StoriesTests;
				PRODUCT_NAME = "$(TARGET_NAME)";
				SWIFT_VERSION = 5.0;
				TARGETED_DEVICE_FAMILY = "1,2";
				TEST_HOST = "$(BUILT_PRODUCTS_DIR)/Stories.app/Stories";
			};
			name = Debug;
		};
		CAA6932A2426533400BDF3C2 /* Release */ = {
			isa = XCBuildConfiguration;
			buildSettings = {
				ALWAYS_EMBED_SWIFT_STANDARD_LIBRARIES = YES;
				BUNDLE_LOADER = "$(TEST_HOST)";
				CODE_SIGN_STYLE = Automatic;
				DEVELOPMENT_TEAM = 62MNR2QKFT;
				INFOPLIST_FILE = StoriesTests/Info.plist;
				IPHONEOS_DEPLOYMENT_TARGET = 13.2;
				LD_RUNPATH_SEARCH_PATHS = (
					"$(inherited)",
					"@executable_path/Frameworks",
					"@loader_path/Frameworks",
				);
				PRODUCT_BUNDLE_IDENTIFIER = edu.StoriesTests;
				PRODUCT_NAME = "$(TARGET_NAME)";
				SWIFT_VERSION = 5.0;
				TARGETED_DEVICE_FAMILY = "1,2";
				TEST_HOST = "$(BUILT_PRODUCTS_DIR)/Stories.app/Stories";
			};
			name = Release;
		};
		CAA6932C2426533400BDF3C2 /* Debug */ = {
			isa = XCBuildConfiguration;
			buildSettings = {
				ALWAYS_EMBED_SWIFT_STANDARD_LIBRARIES = YES;
				CODE_SIGN_STYLE = Automatic;
				DEVELOPMENT_TEAM = 62MNR2QKFT;
				INFOPLIST_FILE = StoriesUITests/Info.plist;
				LD_RUNPATH_SEARCH_PATHS = (
					"$(inherited)",
					"@executable_path/Frameworks",
					"@loader_path/Frameworks",
				);
				PRODUCT_BUNDLE_IDENTIFIER = edu.StoriesUITests;
				PRODUCT_NAME = "$(TARGET_NAME)";
				SWIFT_VERSION = 5.0;
				TARGETED_DEVICE_FAMILY = "1,2";
				TEST_TARGET_NAME = Stories;
			};
			name = Debug;
		};
		CAA6932D2426533400BDF3C2 /* Release */ = {
			isa = XCBuildConfiguration;
			buildSettings = {
				ALWAYS_EMBED_SWIFT_STANDARD_LIBRARIES = YES;
				CODE_SIGN_STYLE = Automatic;
				DEVELOPMENT_TEAM = 62MNR2QKFT;
				INFOPLIST_FILE = StoriesUITests/Info.plist;
				LD_RUNPATH_SEARCH_PATHS = (
					"$(inherited)",
					"@executable_path/Frameworks",
					"@loader_path/Frameworks",
				);
				PRODUCT_BUNDLE_IDENTIFIER = edu.StoriesUITests;
				PRODUCT_NAME = "$(TARGET_NAME)";
				SWIFT_VERSION = 5.0;
				TARGETED_DEVICE_FAMILY = "1,2";
				TEST_TARGET_NAME = Stories;
			};
			name = Release;
		};
/* End XCBuildConfiguration section */

/* Begin XCConfigurationList section */
		CAA692F32426533100BDF3C2 /* Build configuration list for PBXProject "Stories" */ = {
			isa = XCConfigurationList;
			buildConfigurations = (
				CAA693232426533400BDF3C2 /* Debug */,
				CAA693242426533400BDF3C2 /* Release */,
			);
			defaultConfigurationIsVisible = 0;
			defaultConfigurationName = Release;
		};
		CAA693252426533400BDF3C2 /* Build configuration list for PBXNativeTarget "Stories" */ = {
			isa = XCConfigurationList;
			buildConfigurations = (
				CAA693262426533400BDF3C2 /* Debug */,
				CAA693272426533400BDF3C2 /* Release */,
			);
			defaultConfigurationIsVisible = 0;
			defaultConfigurationName = Release;
		};
		CAA693282426533400BDF3C2 /* Build configuration list for PBXNativeTarget "StoriesTests" */ = {
			isa = XCConfigurationList;
			buildConfigurations = (
				CAA693292426533400BDF3C2 /* Debug */,
				CAA6932A2426533400BDF3C2 /* Release */,
			);
			defaultConfigurationIsVisible = 0;
			defaultConfigurationName = Release;
		};
		CAA6932B2426533400BDF3C2 /* Build configuration list for PBXNativeTarget "StoriesUITests" */ = {
			isa = XCConfigurationList;
			buildConfigurations = (
				CAA6932C2426533400BDF3C2 /* Debug */,
				CAA6932D2426533400BDF3C2 /* Release */,
			);
			defaultConfigurationIsVisible = 0;
			defaultConfigurationName = Release;
		};
/* End XCConfigurationList section */

/* Begin XCVersionGroup section */
		CAA693042426533100BDF3C2 /* Stories.xcdatamodeld */ = {
			isa = XCVersionGroup;
			children = (
				CAA693052426533100BDF3C2 /* Stories.xcdatamodel */,
			);
			currentVersion = CAA693052426533100BDF3C2 /* Stories.xcdatamodel */;
			path = Stories.xcdatamodeld;
			sourceTree = "<group>";
			versionGroupType = wrapper.xcdatamodel;
		};
/* End XCVersionGroup section */
	};
	rootObject = CAA692F02426533100BDF3C2 /* Project object */;
}
